
Microsoft Visual Studio Solution File, Format Version 12.00
# Visual Studio 2013
VisualStudioVersion = 12.0.30723.0
MinimumVisualStudioVersion = 10.0.40219.1
Project("{FAE04EC0-301F-11D3-BF4B-00C04F79EFBC}") = "FrogScroller", "FrogScroller\FrogScroller.csproj", "{48B28660-DDB7-42F7-B059-F49E0B533415}"
EndProject
Global
	GlobalSection(SolutionConfigurationPlatforms) = preSolution
		Ad-Hoc|iPhone = Ad-Hoc|iPhone
		Ad-Hoc|iPhoneSimulator = Ad-Hoc|iPhoneSimulator
		AppStore|iPhone = AppStore|iPhone
		AppStore|iPhoneSimulator = AppStore|iPhoneSimulator
		Debug|iPhone = Debug|iPhone
		Debug|iPhoneSimulator = Debug|iPhoneSimulator
		Release|iPhone = Release|iPhone
		Release|iPhoneSimulator = Release|iPhoneSimulator
	EndGlobalSection
	GlobalSection(ProjectConfigurationPlatforms) = postSolution
		{48B28660-DDB7-42F7-B059-F49E0B533415}.Ad-Hoc|iPhone.ActiveCfg = Ad-Hoc|iPhone
		{48B28660-DDB7-42F7-B059-F49E0B533415}.Ad-Hoc|iPhone.Build.0 = Ad-Hoc|iPhone
		{48B28660-DDB7-42F7-B059-F49E0B533415}.Ad-Hoc|iPhoneSimulator.ActiveCfg = Ad-Hoc|iPhoneSimulator
		{48B28660-DDB7-42F7-B059-F49E0B533415}.Ad-Hoc|iPhoneSimulator.Build.0 = Ad-Hoc|iPhoneSimulator
		{48B28660-DDB7-42F7-B059-F49E0B533415}.AppStore|iPhone.ActiveCfg = AppStore|iPhone
		{48B28660-DDB7-42F7-B059-F49E0B533415}.AppStore|iPhone.Build.0 = AppStore|iPhone
		{48B28660-DDB7-42F7-B059-F49E0B533415}.AppStore|iPhoneSimulator.ActiveCfg = AppStore|iPhoneSimulator
		{48B28660-DDB7-42F7-B059-F49E0B533415}.AppStore|iPhoneSimulator.Build.0 = AppStore|iPhoneSimulator
		{48B28660-DDB7-42F7-B059-F49E0B533415}.Debug|iPhone.ActiveCfg = Debug|iPhone
		{48B28660-DDB7-42F7-B059-F49E0B533415}.Debug|iPhone.Build.0 = Debug|iPhone
		{48B28660-DDB7-42F7-B059-F49E0B533415}.Debug|iPhoneSimulator.ActiveCfg = Debug|iPhoneSimulator
		{48B28660-DDB7-42F7-B059-F49E0B533415}.Debug|iPhoneSimulator.Build.0 = Debug|iPhoneSimulator
		{48B28660-DDB7-42F7-B059-F49E0B533415}.Release|iPhone.ActiveCfg = Release|iPhone
		{48B28660-DDB7-42F7-B059-F49E0B533415}.Release|iPhone.Build.0 = Release|iPhone
		{48B28660-DDB7-42F7-B059-F49E0B533415}.Release|iPhoneSimulator.ActiveCfg = Release|iPhoneSimulator
		{48B28660-DDB7-42F7-B059-F49E0B533415}.Release|iPhoneSimulator.Build.0 = Release|iPhoneSimulator
	EndGlobalSection
	GlobalSection(SolutionProperties) = preSolution
		HideSolutionNode = FALSE
	EndGlobalSection
	GlobalSection(MonoDevelopProperties) = preSolution
		StartupItem = FrogScroller\FrogScroller.csproj
	EndGlobalSection
EndGlobal
