
Microsoft Visual Studio Solution File, Format Version 12.00
# Visual Studio 2013
VisualStudioVersion = 12.0.30723.0
MinimumVisualStudioVersion = 10.0.40219.1
Project("{FAE04EC0-301F-11D3-BF4B-00C04F79EFBC}") = "ImageProtocol", "ImageProtocol.csproj", "{C7A10540-758C-4EB8-AE9E-F77D289F139D}"
EndProject
Global
	GlobalSection(SolutionConfigurationPlatforms) = preSolution
		Ad-Hoc|iPhone = Ad-Hoc|iPhone
		Ad-Hoc|iPhoneSimulator = Ad-Hoc|iPhoneSimulator
		AppStore|iPhone = AppStore|iPhone
		AppStore|iPhoneSimulator = AppStore|iPhoneSimulator
		Debug|iPhone = Debug|iPhone
		Debug|iPhoneSimulator = Debug|iPhoneSimulator
		Release|iPhone = Release|iPhone
		Release|iPhoneSimulator = Release|iPhoneSimulator
	EndGlobalSection
	GlobalSection(ProjectConfigurationPlatforms) = postSolution
		{C7A10540-758C-4EB8-AE9E-F77D289F139D}.Ad-Hoc|iPhone.ActiveCfg = Ad-Hoc|iPhone
		{C7A10540-758C-4EB8-AE9E-F77D289F139D}.Ad-Hoc|iPhone.Build.0 = Ad-Hoc|iPhone
		{C7A10540-758C-4EB8-AE9E-F77D289F139D}.Ad-Hoc|iPhoneSimulator.ActiveCfg = Ad-Hoc|iPhoneSimulator
		{C7A10540-758C-4EB8-AE9E-F77D289F139D}.Ad-Hoc|iPhoneSimulator.Build.0 = Ad-Hoc|iPhoneSimulator
		{C7A10540-758C-4EB8-AE9E-F77D289F139D}.AppStore|iPhone.ActiveCfg = AppStore|iPhone
		{C7A10540-758C-4EB8-AE9E-F77D289F139D}.AppStore|iPhone.Build.0 = AppStore|iPhone
		{C7A10540-758C-4EB8-AE9E-F77D289F139D}.AppStore|iPhoneSimulator.ActiveCfg = AppStore|iPhoneSimulator
		{C7A10540-758C-4EB8-AE9E-F77D289F139D}.AppStore|iPhoneSimulator.Build.0 = AppStore|iPhoneSimulator
		{C7A10540-758C-4EB8-AE9E-F77D289F139D}.Debug|iPhone.ActiveCfg = Debug|iPhone
		{C7A10540-758C-4EB8-AE9E-F77D289F139D}.Debug|iPhone.Build.0 = Debug|iPhone
		{C7A10540-758C-4EB8-AE9E-F77D289F139D}.Debug|iPhoneSimulator.ActiveCfg = Debug|iPhoneSimulator
		{C7A10540-758C-4EB8-AE9E-F77D289F139D}.Debug|iPhoneSimulator.Build.0 = Debug|iPhoneSimulator
		{C7A10540-758C-4EB8-AE9E-F77D289F139D}.Release|iPhone.ActiveCfg = Release|iPhone
		{C7A10540-758C-4EB8-AE9E-F77D289F139D}.Release|iPhone.Build.0 = Release|iPhone
		{C7A10540-758C-4EB8-AE9E-F77D289F139D}.Release|iPhoneSimulator.ActiveCfg = Release|iPhoneSimulator
		{C7A10540-758C-4EB8-AE9E-F77D289F139D}.Release|iPhoneSimulator.Build.0 = Release|iPhoneSimulator
	EndGlobalSection
	GlobalSection(SolutionProperties) = preSolution
		HideSolutionNode = FALSE
	EndGlobalSection
	GlobalSection(MonoDevelopProperties) = preSolution
		StartupItem = ImageProtocol.csproj
	EndGlobalSection
EndGlobal
