Microsoft Visual Studio Solution File, Format Version 12.00
# Visual Studio 2013
VisualStudioVersion = 12.0.30723.0
MinimumVisualStudioVersion = 10.0.40219.1
Project("{FAE04EC0-301F-11D3-BF4B-00C04F79EFBC}") = "MapKitSearch", "MapKitSearch.csproj", "{84315F67-2869-4A97-A63C-904390127F04}"
EndProject
Global
	GlobalSection(SolutionConfigurationPlatforms) = preSolution
		Ad-Hoc|iPhone = Ad-Hoc|iPhone
		Ad-Hoc|iPhoneSimulator = Ad-Hoc|iPhoneSimulator
		AppStore|iPhone = AppStore|iPhone
		AppStore|iPhoneSimulator = AppStore|iPhoneSimulator
		Debug|iPhone = Debug|iPhone
		Debug|iPhoneSimulator = Debug|iPhoneSimulator
		Release|iPhone = Release|iPhone
		Release|iPhoneSimulator = Release|iPhoneSimulator
	EndGlobalSection
	GlobalSection(ProjectConfigurationPlatforms) = postSolution
		{84315F67-2869-4A97-A63C-904390127F04}.Ad-Hoc|iPhone.ActiveCfg = Ad-Hoc|iPhone
		{84315F67-2869-4A97-A63C-904390127F04}.Ad-Hoc|iPhone.Build.0 = Ad-Hoc|iPhone
		{84315F67-2869-4A97-A63C-904390127F04}.Ad-Hoc|iPhoneSimulator.ActiveCfg = Ad-Hoc|iPhoneSimulator
		{84315F67-2869-4A97-A63C-904390127F04}.Ad-Hoc|iPhoneSimulator.Build.0 = Ad-Hoc|iPhoneSimulator
		{84315F67-2869-4A97-A63C-904390127F04}.AppStore|iPhone.ActiveCfg = AppStore|iPhone
		{84315F67-2869-4A97-A63C-904390127F04}.AppStore|iPhone.Build.0 = AppStore|iPhone
		{84315F67-2869-4A97-A63C-904390127F04}.AppStore|iPhoneSimulator.ActiveCfg = AppStore|iPhoneSimulator
		{84315F67-2869-4A97-A63C-904390127F04}.AppStore|iPhoneSimulator.Build.0 = AppStore|iPhoneSimulator
		{84315F67-2869-4A97-A63C-904390127F04}.Debug|iPhone.ActiveCfg = Debug|iPhone
		{84315F67-2869-4A97-A63C-904390127F04}.Debug|iPhone.Build.0 = Debug|iPhone
		{84315F67-2869-4A97-A63C-904390127F04}.Debug|iPhoneSimulator.ActiveCfg = Debug|iPhoneSimulator
		{84315F67-2869-4A97-A63C-904390127F04}.Debug|iPhoneSimulator.Build.0 = Debug|iPhoneSimulator
		{84315F67-2869-4A97-A63C-904390127F04}.Release|iPhone.ActiveCfg = Release|iPhone
		{84315F67-2869-4A97-A63C-904390127F04}.Release|iPhone.Build.0 = Release|iPhone
		{84315F67-2869-4A97-A63C-904390127F04}.Release|iPhoneSimulator.ActiveCfg = Release|iPhoneSimulator
		{84315F67-2869-4A97-A63C-904390127F04}.Release|iPhoneSimulator.Build.0 = Release|iPhoneSimulator
	EndGlobalSection
	GlobalSection(SolutionProperties) = preSolution
		HideSolutionNode = FALSE
	EndGlobalSection
	GlobalSection(MonoDevelopProperties) = preSolution
		StartupItem = MapKitSearch.csproj
	EndGlobalSection
EndGlobal
