
Microsoft Visual Studio Solution File, Format Version 12.00
# Visual Studio 2013
VisualStudioVersion = 12.0.30723.0
MinimumVisualStudioVersion = 10.0.40219.1
Project("{FAE04EC0-301F-11D3-BF4B-00C04F79EFBC}") = "CircleLayout", "CircleLayout.csproj", "{4D216178-0B44-4D5A-8C8E-006B0ED48022}"
EndProject
Global
	GlobalSection(SolutionConfigurationPlatforms) = preSolution
		Ad-Hoc|iPhone = Ad-Hoc|iPhone
		Ad-Hoc|iPhoneSimulator = Ad-Hoc|iPhoneSimulator
		AppStore|iPhone = AppStore|iPhone
		AppStore|iPhoneSimulator = AppStore|iPhoneSimulator
		Debug|iPhone = Debug|iPhone
		Debug|iPhoneSimulator = Debug|iPhoneSimulator
		Release|iPhone = Release|iPhone
		Release|iPhoneSimulator = Release|iPhoneSimulator
	EndGlobalSection
	GlobalSection(ProjectConfigurationPlatforms) = postSolution
		{4D216178-0B44-4D5A-8C8E-006B0ED48022}.Ad-Hoc|iPhone.ActiveCfg = Ad-Hoc|iPhone
		{4D216178-0B44-4D5A-8C8E-006B0ED48022}.Ad-Hoc|iPhone.Build.0 = Ad-Hoc|iPhone
		{4D216178-0B44-4D5A-8C8E-006B0ED48022}.Ad-Hoc|iPhoneSimulator.ActiveCfg = Ad-Hoc|iPhoneSimulator
		{4D216178-0B44-4D5A-8C8E-006B0ED48022}.Ad-Hoc|iPhoneSimulator.Build.0 = Ad-Hoc|iPhoneSimulator
		{4D216178-0B44-4D5A-8C8E-006B0ED48022}.AppStore|iPhone.ActiveCfg = AppStore|iPhone
		{4D216178-0B44-4D5A-8C8E-006B0ED48022}.AppStore|iPhone.Build.0 = AppStore|iPhone
		{4D216178-0B44-4D5A-8C8E-006B0ED48022}.AppStore|iPhoneSimulator.ActiveCfg = AppStore|iPhoneSimulator
		{4D216178-0B44-4D5A-8C8E-006B0ED48022}.AppStore|iPhoneSimulator.Build.0 = AppStore|iPhoneSimulator
		{4D216178-0B44-4D5A-8C8E-006B0ED48022}.Debug|iPhone.ActiveCfg = Debug|iPhone
		{4D216178-0B44-4D5A-8C8E-006B0ED48022}.Debug|iPhone.Build.0 = Debug|iPhone
		{4D216178-0B44-4D5A-8C8E-006B0ED48022}.Debug|iPhoneSimulator.ActiveCfg = Debug|iPhoneSimulator
		{4D216178-0B44-4D5A-8C8E-006B0ED48022}.Debug|iPhoneSimulator.Build.0 = Debug|iPhoneSimulator
		{4D216178-0B44-4D5A-8C8E-006B0ED48022}.Release|iPhone.ActiveCfg = Release|iPhone
		{4D216178-0B44-4D5A-8C8E-006B0ED48022}.Release|iPhone.Build.0 = Release|iPhone
		{4D216178-0B44-4D5A-8C8E-006B0ED48022}.Release|iPhoneSimulator.ActiveCfg = Release|iPhoneSimulator
		{4D216178-0B44-4D5A-8C8E-006B0ED48022}.Release|iPhoneSimulator.Build.0 = Release|iPhoneSimulator
	EndGlobalSection
	GlobalSection(SolutionProperties) = preSolution
		HideSolutionNode = FALSE
	EndGlobalSection
	GlobalSection(MonoDevelopProperties) = preSolution
		StartupItem = CircleLayout.csproj
	EndGlobalSection
EndGlobal
