
Microsoft Visual Studio Solution File, Format Version 12.00
# Visual Studio 2013
VisualStudioVersion = 12.0.30723.0
MinimumVisualStudioVersion = 10.0.40219.1
Project("{FAE04EC0-301F-11D3-BF4B-00C04F79EFBC}") = "CustomCollectionViewLayoutAttributes", "CustomCollectionViewLayoutAttributes.csproj", "{384451B5-3210-4F89-B5DF-4822101D265D}"
EndProject
Global
	GlobalSection(SolutionConfigurationPlatforms) = preSolution
		Ad-Hoc|iPhone = Ad-Hoc|iPhone
		Ad-Hoc|iPhoneSimulator = Ad-Hoc|iPhoneSimulator
		AppStore|iPhone = AppStore|iPhone
		AppStore|iPhoneSimulator = AppStore|iPhoneSimulator
		Debug|iPhone = Debug|iPhone
		Debug|iPhoneSimulator = Debug|iPhoneSimulator
		Release|iPhone = Release|iPhone
		Release|iPhoneSimulator = Release|iPhoneSimulator
	EndGlobalSection
	GlobalSection(ProjectConfigurationPlatforms) = postSolution
		{384451B5-3210-4F89-B5DF-4822101D265D}.Ad-Hoc|iPhone.ActiveCfg = Ad-Hoc|iPhone
		{384451B5-3210-4F89-B5DF-4822101D265D}.Ad-Hoc|iPhone.Build.0 = Ad-Hoc|iPhone
		{384451B5-3210-4F89-B5DF-4822101D265D}.Ad-Hoc|iPhoneSimulator.ActiveCfg = Ad-Hoc|iPhoneSimulator
		{384451B5-3210-4F89-B5DF-4822101D265D}.Ad-Hoc|iPhoneSimulator.Build.0 = Ad-Hoc|iPhoneSimulator
		{384451B5-3210-4F89-B5DF-4822101D265D}.AppStore|iPhone.ActiveCfg = AppStore|iPhone
		{384451B5-3210-4F89-B5DF-4822101D265D}.AppStore|iPhone.Build.0 = AppStore|iPhone
		{384451B5-3210-4F89-B5DF-4822101D265D}.AppStore|iPhoneSimulator.ActiveCfg = AppStore|iPhoneSimulator
		{384451B5-3210-4F89-B5DF-4822101D265D}.AppStore|iPhoneSimulator.Build.0 = AppStore|iPhoneSimulator
		{384451B5-3210-4F89-B5DF-4822101D265D}.Debug|iPhone.ActiveCfg = Debug|iPhone
		{384451B5-3210-4F89-B5DF-4822101D265D}.Debug|iPhone.Build.0 = Debug|iPhone
		{384451B5-3210-4F89-B5DF-4822101D265D}.Debug|iPhoneSimulator.ActiveCfg = Debug|iPhoneSimulator
		{384451B5-3210-4F89-B5DF-4822101D265D}.Debug|iPhoneSimulator.Build.0 = Debug|iPhoneSimulator
		{384451B5-3210-4F89-B5DF-4822101D265D}.Release|iPhone.ActiveCfg = Release|iPhone
		{384451B5-3210-4F89-B5DF-4822101D265D}.Release|iPhone.Build.0 = Release|iPhone
		{384451B5-3210-4F89-B5DF-4822101D265D}.Release|iPhoneSimulator.ActiveCfg = Release|iPhoneSimulator
		{384451B5-3210-4F89-B5DF-4822101D265D}.Release|iPhoneSimulator.Build.0 = Release|iPhoneSimulator
	EndGlobalSection
	GlobalSection(SolutionProperties) = preSolution
		HideSolutionNode = FALSE
	EndGlobalSection
	GlobalSection(MonoDevelopProperties) = preSolution
		StartupItem = CustomCollectionViewLayoutAttributes.csproj
	EndGlobalSection
EndGlobal
